
Microsoft Visual Studio Solution File, Format Version 12.00
# Visual Studio Version 17
VisualStudioVersion = 17.6.33927.249
MinimumVisualStudioVersion = 10.0.40219.1
Project("{FAE04EC0-301F-11D3-BF4B-00C04F79EFBC}") = "sd1-week1-demo", "sd1-week1-demo\sd1-week1-demo.csproj", "{605A5491-9400-4552-9751-57C5B3F53267}"
EndProject
Global
	GlobalSection(SolutionConfigurationPlatforms) = preSolution
		Debug|Any CPU = Debug|Any CPU
		Release|Any CPU = Release|Any CPU
	EndGlobalSection
	GlobalSection(ProjectConfigurationPlatforms) = postSolution
		{605A5491-9400-4552-9751-57C5B3F53267}.Debug|Any CPU.ActiveCfg = Debug|Any CPU
		{605A5491-9400-4552-9751-57C5B3F53267}.Debug|Any CPU.Build.0 = Debug|Any CPU
		{605A5491-9400-4552-9751-57C5B3F53267}.Release|Any CPU.ActiveCfg = Release|Any CPU
		{605A5491-9400-4552-9751-57C5B3F53267}.Release|Any CPU.Build.0 = Release|Any CPU
	EndGlobalSection
	GlobalSection(SolutionProperties) = preSolution
		HideSolutionNode = FALSE
	EndGlobalSection
	GlobalSection(ExtensibilityGlobals) = postSolution
		SolutionGuid = {DFE4AC92-14A3-46BE-AEF7-5D0B1329D6A7}
	EndGlobalSection
EndGlobal
